
Microsoft Visual Studio Solution File, Format Version 12.00
# Visual Studio Version 17
VisualStudioVersion = 17.4.33110.190
MinimumVisualStudioVersion = 10.0.40219.1
Project("{FAE04EC0-301F-11D3-BF4B-00C04F79EFBC}") = "Application", "Application\Application.csproj", "{5221B566-5564-4832-82FB-8885D429EDDD}"
EndProject
Global
	GlobalSection(SolutionConfigurationPlatforms) = preSolution
		Debug|Any CPU = Debug|Any CPU
		Release|Any CPU = Release|Any CPU
	EndGlobalSection
	GlobalSection(ProjectConfigurationPlatforms) = postSolution
		{5221B566-5564-4832-82FB-8885D429EDDD}.Debug|Any CPU.ActiveCfg = Debug|Any CPU
		{5221B566-5564-4832-82FB-8885D429EDDD}.Debug|Any CPU.Build.0 = Debug|Any CPU
		{5221B566-5564-4832-82FB-8885D429EDDD}.Release|Any CPU.ActiveCfg = Release|Any CPU
		{5221B566-5564-4832-82FB-8885D429EDDD}.Release|Any CPU.Build.0 = Release|Any CPU
	EndGlobalSection
	GlobalSection(SolutionProperties) = preSolution
		HideSolutionNode = FALSE
	EndGlobalSection
	GlobalSection(ExtensibilityGlobals) = postSolution
		SolutionGuid = {688FCDC8-A31B-4DA7-87AD-DF4504A3E273}
	EndGlobalSection
EndGlobal
